<?xml version="1.0" encoding="utf-8"?>
<Project ToolsVersion="4.0" xmlns="http://schemas.microsoft.com/developer/msbuild/2003">
  <ItemGroup>
    <CudaCompile Include="AGDS.cu">
      <Filter>Source Files</Filter>
    </CudaCompile>
    <CudaCompile Include="CONN.cu">
      <Filter>Source Files</Filter>
    </CudaCompile>
    <CudaCompile Include="VNG.cu">
      <Filter>Source Files</Filter>
    </CudaCompile>
  </ItemGroup>
  <ItemGroup>
    <Filter Include="Source Files">
      <UniqueIdentifier>{792abc76-a9a0-4736-85a9-f469647e7e79}</UniqueIdentifier>
    </Filter>
    <Filter Include="Header Files">
      <UniqueIdentifier>{60e0078b-50c7-43ab-b6d5-af6ff8baf606}</UniqueIdentifier>
    </Filter>
  </ItemGroup>
  <ItemGroup>
    <ClCompile Include="main.cpp">
      <Filter>Source Files</Filter>
    </ClCompile>
    <ClCompile Include="mock_agds_data.cpp">
      <Filter>Source Files</Filter>
    </ClCompile>
    <ClCompile Include="measurements.cpp">
      <Filter>Source Files</Filter>
    </ClCompile>
    <ClCompile Include="utils.cpp">
      <Filter>Source Files</Filter>
    </ClCompile>
  </ItemGroup>
  <ItemGroup>
    <ClInclude Include="mock_agds_data.hpp">
      <Filter>Header Files</Filter>
    </ClInclude>
    <ClInclude Include="measurements.hpp">
      <Filter>Header Files</Filter>
    </ClInclude>
    <ClInclude Include="utils.hpp">
      <Filter>Header Files</Filter>
    </ClInclude>
    <ClInclude Include="avbtree.hpp">
      <Filter>Header Files</Filter>
    </ClInclude>
    <ClInclude Include="agdsgpu.cuh">
      <Filter>Header Files</Filter>
    </ClInclude>
  </ItemGroup>
</Project>